// !$*UTF8*$!
{
	archiveVersion = 1;
	classes = {
	};
	objectVersion = 50;
	objects = {

/* Begin PBXBuildFile section */
		1604FF9824C14F20000AE266 /* AppDelegate.swift in Sources */ = {isa = PBXBuildFile; fileRef = 1604FF9724C14F20000AE266 /* AppDelegate.swift */; };
		1604FF9A24C14F20000AE266 /* SceneDelegate.swift in Sources */ = {isa = PBXBuildFile; fileRef = 1604FF9924C14F20000AE266 /* SceneDelegate.swift */; };
		1604FF9C24C14F20000AE266 /* ViewController.swift in Sources */ = {isa = PBXBuildFile; fileRef = 1604FF9B24C14F20000AE266 /* ViewController.swift */; };
		1604FF9F24C14F20000AE266 /* Main.storyboard in Resources */ = {isa = PBXBuildFile; fileRef = 1604FF9D24C14F20000AE266 /* Main.storyboard */; };
		1604FFA124C14F21000AE266 /* Assets.xcassets in Resources */ = {isa = PBXBuildFile; fileRef = 1604FFA024C14F21000AE266 /* Assets.xcassets */; };
		1604FFA424C14F21000AE266 /* LaunchScreen.storyboard in Resources */ = {isa = PBXBuildFile; fileRef = 1604FFA224C14F21000AE266 /* LaunchScreen.storyboard */; };
		1604FFAD24C15928000AE266 /* ShopViewController.swift in Sources */ = {isa = PBXBuildFile; fileRef = 1604FFAC24C15928000AE266 /* ShopViewController.swift */; };
		1604FFAF24C15931000AE266 /* ProfileViewController.swift in Sources */ = {isa = PBXBuildFile; fileRef = 1604FFAE24C15931000AE266 /* ProfileViewController.swift */; };
		1604FFB124C1593B000AE266 /* NewProductViewController.swift in Sources */ = {isa = PBXBuildFile; fileRef = 1604FFB024C1593B000AE266 /* NewProductViewController.swift */; };
		1604FFB324C15944000AE266 /* ProductDetailViewController.swift in Sources */ = {isa = PBXBuildFile; fileRef = 1604FFB224C15944000AE266 /* ProductDetailViewController.swift */; };
		1604FFB724C1595A000AE266 /* HistoryDetailViewController.swift in Sources */ = {isa = PBXBuildFile; fileRef = 1604FFB624C1595A000AE266 /* HistoryDetailViewController.swift */; };
		1604FFB924C15970000AE266 /* RequestSubmittedViewController.swift in Sources */ = {isa = PBXBuildFile; fileRef = 1604FFB824C15970000AE266 /* RequestSubmittedViewController.swift */; };
		1604FFBB24C15978000AE266 /* BarterViewController.swift in Sources */ = {isa = PBXBuildFile; fileRef = 1604FFBA24C15978000AE266 /* BarterViewController.swift */; };
		1604FFBD24C15A19000AE266 /* HistoryTableViewController.swift in Sources */ = {isa = PBXBuildFile; fileRef = 1604FFBC24C15A19000AE266 /* HistoryTableViewController.swift */; };
		164C67EF24C5333B006D681F /* Profile.storyboard in Resources */ = {isa = PBXBuildFile; fileRef = 164C67ED24C5333B006D681F /* Profile.storyboard */; };
		164C67F224C53357006D681F /* Shop.storyboard in Resources */ = {isa = PBXBuildFile; fileRef = 164C67F024C53357006D681F /* Shop.storyboard */; };
		164C67F524C53373006D681F /* NewProduct.storyboard in Resources */ = {isa = PBXBuildFile; fileRef = 164C67F324C53373006D681F /* NewProduct.storyboard */; };
		1686985024CA809000E867C5 /* SetLocationViewController.swift in Sources */ = {isa = PBXBuildFile; fileRef = 1686984F24CA809000E867C5 /* SetLocationViewController.swift */; };
		16D682FF24CE7E3D00CB52FE /* VerticalTopAlignLabel.swift in Sources */ = {isa = PBXBuildFile; fileRef = 16D682FE24CE7E3D00CB52FE /* VerticalTopAlignLabel.swift */; };
		16D6830124CE8E8C00CB52FE /* NewProductSuccessViewController.swift in Sources */ = {isa = PBXBuildFile; fileRef = 16D6830024CE8E8C00CB52FE /* NewProductSuccessViewController.swift */; };
		16D6830324CE976E00CB52FE /* BarterConfirmViewController.swift in Sources */ = {isa = PBXBuildFile; fileRef = 16D6830224CE976E00CB52FE /* BarterConfirmViewController.swift */; };
		16DCB8C824C7CDAE00C7EAC8 /* CloudKit.framework in Frameworks */ = {isa = PBXBuildFile; fileRef = 16DCB8C724C7CDAE00C7EAC8 /* CloudKit.framework */; };
		16DCB8CB24C7D0BA00C7EAC8 /* CloudKitHelper.swift in Sources */ = {isa = PBXBuildFile; fileRef = 16DCB8CA24C7D0BA00C7EAC8 /* CloudKitHelper.swift */; };
		16DCB8CE24C7E02E00C7EAC8 /* Product.swift in Sources */ = {isa = PBXBuildFile; fileRef = 16DCB8CD24C7E02E00C7EAC8 /* Product.swift */; };
		16DCB8D024C80B0C00C7EAC8 /* Offer.swift in Sources */ = {isa = PBXBuildFile; fileRef = 16DCB8CF24C80B0C00C7EAC8 /* Offer.swift */; };
		16E3BA4624D14308007DCEDD /* OfferTableViewCell.swift in Sources */ = {isa = PBXBuildFile; fileRef = 16E3BA4424D14308007DCEDD /* OfferTableViewCell.swift */; };
		16E3BA4724D14308007DCEDD /* OfferTableViewCell.xib in Resources */ = {isa = PBXBuildFile; fileRef = 16E3BA4524D14308007DCEDD /* OfferTableViewCell.xib */; };
		16F5A99624C549DA00DBF7D7 /* ProductCollectionViewCell.swift in Sources */ = {isa = PBXBuildFile; fileRef = 16F5A99424C549DA00DBF7D7 /* ProductCollectionViewCell.swift */; };
		16F5A99724C549DA00DBF7D7 /* ProductCollectionViewCell.xib in Resources */ = {isa = PBXBuildFile; fileRef = 16F5A99524C549DA00DBF7D7 /* ProductCollectionViewCell.xib */; };
		7F0E765224CFC71000D6DFD2 /* OfferDetails.storyboard in Resources */ = {isa = PBXBuildFile; fileRef = 7F0E765124CFC71000D6DFD2 /* OfferDetails.storyboard */; };
		7F0E765424CFCB5400D6DFD2 /* OfferDetailsViewController.swift in Sources */ = {isa = PBXBuildFile; fileRef = 7F0E765324CFCB5400D6DFD2 /* OfferDetailsViewController.swift */; };
		7F0E765624CFD87F00D6DFD2 /* MyOfferItemViewController.swift in Sources */ = {isa = PBXBuildFile; fileRef = 7F0E765524CFD87F00D6DFD2 /* MyOfferItemViewController.swift */; };
		7F0E765824CFF67100D6DFD2 /* SuccesAcceptOfferViewController.swift in Sources */ = {isa = PBXBuildFile; fileRef = 7F0E765724CFF67100D6DFD2 /* SuccesAcceptOfferViewController.swift */; };
		7F2F02E124C547DE00544571 /* ImageAssets.xcassets in Resources */ = {isa = PBXBuildFile; fileRef = 7F2F02E024C547DE00544571 /* ImageAssets.xcassets */; };
		7FE75CA724CE789000360032 /* RequestDetails.storyboard in Resources */ = {isa = PBXBuildFile; fileRef = 7FE75CA624CE789000360032 /* RequestDetails.storyboard */; };
		7FE75CA924CE794B00360032 /* DetailRequestViewController.swift in Sources */ = {isa = PBXBuildFile; fileRef = 7FE75CA824CE794B00360032 /* DetailRequestViewController.swift */; };
/* End PBXBuildFile section */

/* Begin PBXFileReference section */
		1604FF9424C14F20000AE266 /* Bartani.app */ = {isa = PBXFileReference; explicitFileType = wrapper.application; includeInIndex = 0; path = Bartani.app; sourceTree = BUILT_PRODUCTS_DIR; };
		1604FF9724C14F20000AE266 /* AppDelegate.swift */ = {isa = PBXFileReference; lastKnownFileType = sourcecode.swift; path = AppDelegate.swift; sourceTree = "<group>"; };
		1604FF9924C14F20000AE266 /* SceneDelegate.swift */ = {isa = PBXFileReference; lastKnownFileType = sourcecode.swift; path = SceneDelegate.swift; sourceTree = "<group>"; };
		1604FF9B24C14F20000AE266 /* ViewController.swift */ = {isa = PBXFileReference; lastKnownFileType = sourcecode.swift; path = ViewController.swift; sourceTree = "<group>"; };
		1604FF9E24C14F20000AE266 /* Base */ = {isa = PBXFileReference; lastKnownFileType = file.storyboard; name = Base; path = Base.lproj/Main.storyboard; sourceTree = "<group>"; };
		1604FFA024C14F21000AE266 /* Assets.xcassets */ = {isa = PBXFileReference; lastKnownFileType = folder.assetcatalog; path = Assets.xcassets; sourceTree = "<group>"; };
		1604FFA324C14F21000AE266 /* Base */ = {isa = PBXFileReference; lastKnownFileType = file.storyboard; name = Base; path = Base.lproj/LaunchScreen.storyboard; sourceTree = "<group>"; };
		1604FFA524C14F21000AE266 /* Info.plist */ = {isa = PBXFileReference; lastKnownFileType = text.plist.xml; path = Info.plist; sourceTree = "<group>"; };
		1604FFAC24C15928000AE266 /* ShopViewController.swift */ = {isa = PBXFileReference; lastKnownFileType = sourcecode.swift; path = ShopViewController.swift; sourceTree = "<group>"; };
		1604FFAE24C15931000AE266 /* ProfileViewController.swift */ = {isa = PBXFileReference; lastKnownFileType = sourcecode.swift; path = ProfileViewController.swift; sourceTree = "<group>"; };
		1604FFB024C1593B000AE266 /* NewProductViewController.swift */ = {isa = PBXFileReference; lastKnownFileType = sourcecode.swift; path = NewProductViewController.swift; sourceTree = "<group>"; };
		1604FFB224C15944000AE266 /* ProductDetailViewController.swift */ = {isa = PBXFileReference; lastKnownFileType = sourcecode.swift; path = ProductDetailViewController.swift; sourceTree = "<group>"; };
		1604FFB624C1595A000AE266 /* HistoryDetailViewController.swift */ = {isa = PBXFileReference; lastKnownFileType = sourcecode.swift; path = HistoryDetailViewController.swift; sourceTree = "<group>"; };
		1604FFB824C15970000AE266 /* RequestSubmittedViewController.swift */ = {isa = PBXFileReference; lastKnownFileType = sourcecode.swift; path = RequestSubmittedViewController.swift; sourceTree = "<group>"; };
		1604FFBA24C15978000AE266 /* BarterViewController.swift */ = {isa = PBXFileReference; lastKnownFileType = sourcecode.swift; path = BarterViewController.swift; sourceTree = "<group>"; };
		1604FFBC24C15A19000AE266 /* HistoryTableViewController.swift */ = {isa = PBXFileReference; lastKnownFileType = sourcecode.swift; path = HistoryTableViewController.swift; sourceTree = "<group>"; };
		164C67EE24C5333B006D681F /* Base */ = {isa = PBXFileReference; lastKnownFileType = file.storyboard; name = Base; path = Bartani/Base.lproj/Profile.storyboard; sourceTree = "<group>"; };
		164C67F124C53357006D681F /* Base */ = {isa = PBXFileReference; lastKnownFileType = file.storyboard; name = Base; path = Bartani/Base.lproj/Shop.storyboard; sourceTree = "<group>"; };
		164C67F424C53373006D681F /* Base */ = {isa = PBXFileReference; lastKnownFileType = file.storyboard; name = Base; path = Bartani/Base.lproj/NewProduct.storyboard; sourceTree = "<group>"; };
		1686984F24CA809000E867C5 /* SetLocationViewController.swift */ = {isa = PBXFileReference; lastKnownFileType = sourcecode.swift; path = SetLocationViewController.swift; sourceTree = "<group>"; };
		16D682FE24CE7E3D00CB52FE /* VerticalTopAlignLabel.swift */ = {isa = PBXFileReference; lastKnownFileType = sourcecode.swift; path = VerticalTopAlignLabel.swift; sourceTree = "<group>"; };
		16D6830024CE8E8C00CB52FE /* NewProductSuccessViewController.swift */ = {isa = PBXFileReference; lastKnownFileType = sourcecode.swift; path = NewProductSuccessViewController.swift; sourceTree = "<group>"; };
		16D6830224CE976E00CB52FE /* BarterConfirmViewController.swift */ = {isa = PBXFileReference; lastKnownFileType = sourcecode.swift; path = BarterConfirmViewController.swift; sourceTree = "<group>"; };
		16DCB8C524C7CD9500C7EAC8 /* Bartani.entitlements */ = {isa = PBXFileReference; lastKnownFileType = text.plist.entitlements; path = Bartani.entitlements; sourceTree = "<group>"; };
		16DCB8C724C7CDAE00C7EAC8 /* CloudKit.framework */ = {isa = PBXFileReference; lastKnownFileType = wrapper.framework; name = CloudKit.framework; path = System/Library/Frameworks/CloudKit.framework; sourceTree = SDKROOT; };
		16DCB8CA24C7D0BA00C7EAC8 /* CloudKitHelper.swift */ = {isa = PBXFileReference; lastKnownFileType = sourcecode.swift; path = CloudKitHelper.swift; sourceTree = "<group>"; };
		16DCB8CD24C7E02E00C7EAC8 /* Product.swift */ = {isa = PBXFileReference; lastKnownFileType = sourcecode.swift; path = Product.swift; sourceTree = "<group>"; };
		16DCB8CF24C80B0C00C7EAC8 /* Offer.swift */ = {isa = PBXFileReference; lastKnownFileType = sourcecode.swift; path = Offer.swift; sourceTree = "<group>"; };
		16E3BA4424D14308007DCEDD /* OfferTableViewCell.swift */ = {isa = PBXFileReference; lastKnownFileType = sourcecode.swift; path = OfferTableViewCell.swift; sourceTree = "<group>"; };
		16E3BA4524D14308007DCEDD /* OfferTableViewCell.xib */ = {isa = PBXFileReference; lastKnownFileType = file.xib; path = OfferTableViewCell.xib; sourceTree = "<group>"; };
		16F5A99424C549DA00DBF7D7 /* ProductCollectionViewCell.swift */ = {isa = PBXFileReference; lastKnownFileType = sourcecode.swift; path = ProductCollectionViewCell.swift; sourceTree = "<group>"; };
		16F5A99524C549DA00DBF7D7 /* ProductCollectionViewCell.xib */ = {isa = PBXFileReference; lastKnownFileType = file.xib; path = ProductCollectionViewCell.xib; sourceTree = "<group>"; };
		7F0E765124CFC71000D6DFD2 /* OfferDetails.storyboard */ = {isa = PBXFileReference; lastKnownFileType = file.storyboard; path = OfferDetails.storyboard; sourceTree = "<group>"; };
		7F0E765324CFCB5400D6DFD2 /* OfferDetailsViewController.swift */ = {isa = PBXFileReference; lastKnownFileType = sourcecode.swift; path = OfferDetailsViewController.swift; sourceTree = "<group>"; };
		7F0E765524CFD87F00D6DFD2 /* MyOfferItemViewController.swift */ = {isa = PBXFileReference; lastKnownFileType = sourcecode.swift; path = MyOfferItemViewController.swift; sourceTree = "<group>"; };
		7F0E765724CFF67100D6DFD2 /* SuccesAcceptOfferViewController.swift */ = {isa = PBXFileReference; lastKnownFileType = sourcecode.swift; path = SuccesAcceptOfferViewController.swift; sourceTree = "<group>"; };
		7F2F02E024C547DE00544571 /* ImageAssets.xcassets */ = {isa = PBXFileReference; lastKnownFileType = folder.assetcatalog; path = ImageAssets.xcassets; sourceTree = "<group>"; };
		7FE75CA624CE789000360032 /* RequestDetails.storyboard */ = {isa = PBXFileReference; lastKnownFileType = file.storyboard; path = RequestDetails.storyboard; sourceTree = "<group>"; };
		7FE75CA824CE794B00360032 /* DetailRequestViewController.swift */ = {isa = PBXFileReference; lastKnownFileType = sourcecode.swift; path = DetailRequestViewController.swift; sourceTree = "<group>"; };
/* End PBXFileReference section */

/* Begin PBXFrameworksBuildPhase section */
		1604FF9124C14F20000AE266 /* Frameworks */ = {
			isa = PBXFrameworksBuildPhase;
			buildActionMask = 2147483647;
			files = (
				16DCB8C824C7CDAE00C7EAC8 /* CloudKit.framework in Frameworks */,
			);
			runOnlyForDeploymentPostprocessing = 0;
		};
/* End PBXFrameworksBuildPhase section */

/* Begin PBXGroup section */
		1604FF8B24C14F20000AE266 = {
			isa = PBXGroup;
			children = (
				7F0E765124CFC71000D6DFD2 /* OfferDetails.storyboard */,
				7FE75CA624CE789000360032 /* RequestDetails.storyboard */,
				7F2F02E024C547DE00544571 /* ImageAssets.xcassets */,
				164C67F324C53373006D681F /* NewProduct.storyboard */,
				164C67F024C53357006D681F /* Shop.storyboard */,
				164C67ED24C5333B006D681F /* Profile.storyboard */,
				1604FF9624C14F20000AE266 /* Bartani */,
				1604FF9524C14F20000AE266 /* Products */,
				16DCB8C624C7CDAE00C7EAC8 /* Frameworks */,
			);
			sourceTree = "<group>";
		};
		1604FF9524C14F20000AE266 /* Products */ = {
			isa = PBXGroup;
			children = (
				1604FF9424C14F20000AE266 /* Bartani.app */,
			);
			name = Products;
			sourceTree = "<group>";
		};
		1604FF9624C14F20000AE266 /* Bartani */ = {
			isa = PBXGroup;
			children = (
				16DCB8CC24C7E02500C7EAC8 /* Models */,
				16DCB8C924C7D0A500C7EAC8 /* Helpers */,
				16DCB8C524C7CD9500C7EAC8 /* Bartani.entitlements */,
				16F5A99324C549C900DBF7D7 /* Cells */,
				1604FFAB24C15916000AE266 /* Controllers */,
				1604FF9724C14F20000AE266 /* AppDelegate.swift */,
				1604FF9924C14F20000AE266 /* SceneDelegate.swift */,
				1604FF9B24C14F20000AE266 /* ViewController.swift */,
				1604FF9D24C14F20000AE266 /* Main.storyboard */,
				1604FFA024C14F21000AE266 /* Assets.xcassets */,
				1604FFA224C14F21000AE266 /* LaunchScreen.storyboard */,
				1604FFA524C14F21000AE266 /* Info.plist */,
			);
			path = Bartani;
			sourceTree = "<group>";
		};
		1604FFAB24C15916000AE266 /* Controllers */ = {
			isa = PBXGroup;
			children = (
				1604FFAC24C15928000AE266 /* ShopViewController.swift */,
				1604FFAE24C15931000AE266 /* ProfileViewController.swift */,
				1604FFB024C1593B000AE266 /* NewProductViewController.swift */,
				16D6830024CE8E8C00CB52FE /* NewProductSuccessViewController.swift */,
				1604FFB224C15944000AE266 /* ProductDetailViewController.swift */,
				1604FFB624C1595A000AE266 /* HistoryDetailViewController.swift */,
				1604FFB824C15970000AE266 /* RequestSubmittedViewController.swift */,
				1604FFBA24C15978000AE266 /* BarterViewController.swift */,
				1604FFBC24C15A19000AE266 /* HistoryTableViewController.swift */,
				1686984F24CA809000E867C5 /* SetLocationViewController.swift */,
				7FE75CA824CE794B00360032 /* DetailRequestViewController.swift */,
				7F0E765324CFCB5400D6DFD2 /* OfferDetailsViewController.swift */,
				7F0E765524CFD87F00D6DFD2 /* MyOfferItemViewController.swift */,
				7F0E765724CFF67100D6DFD2 /* SuccesAcceptOfferViewController.swift */,
				16D6830224CE976E00CB52FE /* BarterConfirmViewController.swift */,
			);
			path = Controllers;
			sourceTree = "<group>";
		};
		16DCB8C624C7CDAE00C7EAC8 /* Frameworks */ = {
			isa = PBXGroup;
			children = (
				16DCB8C724C7CDAE00C7EAC8 /* CloudKit.framework */,
			);
			name = Frameworks;
			sourceTree = "<group>";
		};
		16DCB8C924C7D0A500C7EAC8 /* Helpers */ = {
			isa = PBXGroup;
			children = (
				16DCB8CA24C7D0BA00C7EAC8 /* CloudKitHelper.swift */,
				16D682FE24CE7E3D00CB52FE /* VerticalTopAlignLabel.swift */,
			);
			path = Helpers;
			sourceTree = "<group>";
		};
		16DCB8CC24C7E02500C7EAC8 /* Models */ = {
			isa = PBXGroup;
			children = (
				16DCB8CD24C7E02E00C7EAC8 /* Product.swift */,
				16DCB8CF24C80B0C00C7EAC8 /* Offer.swift */,
			);
			path = Models;
			sourceTree = "<group>";
		};
		16F5A99324C549C900DBF7D7 /* Cells */ = {
			isa = PBXGroup;
			children = (
				16F5A99424C549DA00DBF7D7 /* ProductCollectionViewCell.swift */,
				16F5A99524C549DA00DBF7D7 /* ProductCollectionViewCell.xib */,
				16E3BA4424D14308007DCEDD /* OfferTableViewCell.swift */,
				16E3BA4524D14308007DCEDD /* OfferTableViewCell.xib */,
			);
			path = Cells;
			sourceTree = "<group>";
		};
/* End PBXGroup section */

/* Begin PBXNativeTarget section */
		1604FF9324C14F20000AE266 /* Bartani */ = {
			isa = PBXNativeTarget;
			buildConfigurationList = 1604FFA824C14F21000AE266 /* Build configuration list for PBXNativeTarget "Bartani" */;
			buildPhases = (
				1604FF9024C14F20000AE266 /* Sources */,
				1604FF9124C14F20000AE266 /* Frameworks */,
				1604FF9224C14F20000AE266 /* Resources */,
			);
			buildRules = (
			);
			dependencies = (
			);
			name = Bartani;
			productName = Bartani;
			productReference = 1604FF9424C14F20000AE266 /* Bartani.app */;
			productType = "com.apple.product-type.application";
		};
/* End PBXNativeTarget section */

/* Begin PBXProject section */
		1604FF8C24C14F20000AE266 /* Project object */ = {
			isa = PBXProject;
			attributes = {
				LastSwiftUpdateCheck = 1150;
				LastUpgradeCheck = 1150;
				ORGANIZATIONNAME = "Rahman Fadhil";
				TargetAttributes = {
					1604FF9324C14F20000AE266 = {
						CreatedOnToolsVersion = 11.5;
					};
				};
			};
			buildConfigurationList = 1604FF8F24C14F20000AE266 /* Build configuration list for PBXProject "Bartani" */;
			compatibilityVersion = "Xcode 9.3";
			developmentRegion = en;
			hasScannedForEncodings = 0;
			knownRegions = (
				en,
				Base,
			);
			mainGroup = 1604FF8B24C14F20000AE266;
			productRefGroup = 1604FF9524C14F20000AE266 /* Products */;
			projectDirPath = "";
			projectRoot = "";
			targets = (
				1604FF9324C14F20000AE266 /* Bartani */,
			);
		};
/* End PBXProject section */

/* Begin PBXResourcesBuildPhase section */
		1604FF9224C14F20000AE266 /* Resources */ = {
			isa = PBXResourcesBuildPhase;
			buildActionMask = 2147483647;
			files = (
				1604FFA424C14F21000AE266 /* LaunchScreen.storyboard in Resources */,
				164C67F524C53373006D681F /* NewProduct.storyboard in Resources */,
				7F2F02E124C547DE00544571 /* ImageAssets.xcassets in Resources */,
				164C67F224C53357006D681F /* Shop.storyboard in Resources */,
				16F5A99724C549DA00DBF7D7 /* ProductCollectionViewCell.xib in Resources */,
				1604FFA124C14F21000AE266 /* Assets.xcassets in Resources */,
				7F0E765224CFC71000D6DFD2 /* OfferDetails.storyboard in Resources */,
				164C67EF24C5333B006D681F /* Profile.storyboard in Resources */,
				1604FF9F24C14F20000AE266 /* Main.storyboard in Resources */,
				16E3BA4724D14308007DCEDD /* OfferTableViewCell.xib in Resources */,
				7FE75CA724CE789000360032 /* RequestDetails.storyboard in Resources */,
			);
			runOnlyForDeploymentPostprocessing = 0;
		};
/* End PBXResourcesBuildPhase section */

/* Begin PBXSourcesBuildPhase section */
		1604FF9024C14F20000AE266 /* Sources */ = {
			isa = PBXSourcesBuildPhase;
			buildActionMask = 2147483647;
			files = (
				16E3BA4624D14308007DCEDD /* OfferTableViewCell.swift in Sources */,
				7F0E765424CFCB5400D6DFD2 /* OfferDetailsViewController.swift in Sources */,
				1604FFB924C15970000AE266 /* RequestSubmittedViewController.swift in Sources */,
				1604FFAD24C15928000AE266 /* ShopViewController.swift in Sources */,
				16DCB8CB24C7D0BA00C7EAC8 /* CloudKitHelper.swift in Sources */,
				1604FF9C24C14F20000AE266 /* ViewController.swift in Sources */,
				1604FFB324C15944000AE266 /* ProductDetailViewController.swift in Sources */,
				7F0E765624CFD87F00D6DFD2 /* MyOfferItemViewController.swift in Sources */,
				1604FFAF24C15931000AE266 /* ProfileViewController.swift in Sources */,
				1604FFB124C1593B000AE266 /* NewProductViewController.swift in Sources */,
				1604FFBB24C15978000AE266 /* BarterViewController.swift in Sources */,
				1604FFB724C1595A000AE266 /* HistoryDetailViewController.swift in Sources */,
				16DCB8D024C80B0C00C7EAC8 /* Offer.swift in Sources */,
				1604FFBD24C15A19000AE266 /* HistoryTableViewController.swift in Sources */,
				16D6830124CE8E8C00CB52FE /* NewProductSuccessViewController.swift in Sources */,
				1604FF9824C14F20000AE266 /* AppDelegate.swift in Sources */,
				16F5A99624C549DA00DBF7D7 /* ProductCollectionViewCell.swift in Sources */,
				7F0E765824CFF67100D6DFD2 /* SuccesAcceptOfferViewController.swift in Sources */,
				1604FF9A24C14F20000AE266 /* SceneDelegate.swift in Sources */,
				16D682FF24CE7E3D00CB52FE /* VerticalTopAlignLabel.swift in Sources */,
				1686985024CA809000E867C5 /* SetLocationViewController.swift in Sources */,
				7FE75CA924CE794B00360032 /* DetailRequestViewController.swift in Sources */,
				16DCB8CE24C7E02E00C7EAC8 /* Product.swift in Sources */,
				16D6830324CE976E00CB52FE /* BarterConfirmViewController.swift in Sources */,
			);
			runOnlyForDeploymentPostprocessing = 0;
		};
/* End PBXSourcesBuildPhase section */

/* Begin PBXVariantGroup section */
		1604FF9D24C14F20000AE266 /* Main.storyboard */ = {
			isa = PBXVariantGroup;
			children = (
				1604FF9E24C14F20000AE266 /* Base */,
			);
			name = Main.storyboard;
			sourceTree = "<group>";
		};
		1604FFA224C14F21000AE266 /* LaunchScreen.storyboard */ = {
			isa = PBXVariantGroup;
			children = (
				1604FFA324C14F21000AE266 /* Base */,
			);
			name = LaunchScreen.storyboard;
			sourceTree = "<group>";
		};
		164C67ED24C5333B006D681F /* Profile.storyboard */ = {
			isa = PBXVariantGroup;
			children = (
				164C67EE24C5333B006D681F /* Base */,
			);
			name = Profile.storyboard;
			sourceTree = "<group>";
		};
		164C67F024C53357006D681F /* Shop.storyboard */ = {
			isa = PBXVariantGroup;
			children = (
				164C67F124C53357006D681F /* Base */,
			);
			name = Shop.storyboard;
			sourceTree = "<group>";
		};
		164C67F324C53373006D681F /* NewProduct.storyboard */ = {
			isa = PBXVariantGroup;
			children = (
				164C67F424C53373006D681F /* Base */,
			);
			name = NewProduct.storyboard;
			sourceTree = "<group>";
		};
/* End PBXVariantGroup section */

/* Begin XCBuildConfiguration section */
		1604FFA624C14F21000AE266 /* Debug */ = {
			isa = XCBuildConfiguration;
			buildSettings = {
				ALWAYS_SEARCH_USER_PATHS = NO;
				CLANG_ANALYZER_NONNULL = YES;
				CLANG_ANALYZER_NUMBER_OBJECT_CONVERSION = YES_AGGRESSIVE;
				CLANG_CXX_LANGUAGE_STANDARD = "gnu++14";
				CLANG_CXX_LIBRARY = "libc++";
				CLANG_ENABLE_MODULES = YES;
				CLANG_ENABLE_OBJC_ARC = YES;
				CLANG_ENABLE_OBJC_WEAK = YES;
				CLANG_WARN_BLOCK_CAPTURE_AUTORELEASING = YES;
				CLANG_WARN_BOOL_CONVERSION = YES;
				CLANG_WARN_COMMA = YES;
				CLANG_WARN_CONSTANT_CONVERSION = YES;
				CLANG_WARN_DEPRECATED_OBJC_IMPLEMENTATIONS = YES;
				CLANG_WARN_DIRECT_OBJC_ISA_USAGE = YES_ERROR;
				CLANG_WARN_DOCUMENTATION_COMMENTS = YES;
				CLANG_WARN_EMPTY_BODY = YES;
				CLANG_WARN_ENUM_CONVERSION = YES;
				CLANG_WARN_INFINITE_RECURSION = YES;
				CLANG_WARN_INT_CONVERSION = YES;
				CLANG_WARN_NON_LITERAL_NULL_CONVERSION = YES;
				CLANG_WARN_OBJC_IMPLICIT_RETAIN_SELF = YES;
				CLANG_WARN_OBJC_LITERAL_CONVERSION = YES;
				CLANG_WARN_OBJC_ROOT_CLASS = YES_ERROR;
				CLANG_WARN_RANGE_LOOP_ANALYSIS = YES;
				CLANG_WARN_STRICT_PROTOTYPES = YES;
				CLANG_WARN_SUSPICIOUS_MOVE = YES;
				CLANG_WARN_UNGUARDED_AVAILABILITY = YES_AGGRESSIVE;
				CLANG_WARN_UNREACHABLE_CODE = YES;
				CLANG_WARN__DUPLICATE_METHOD_MATCH = YES;
				COPY_PHASE_STRIP = NO;
				DEBUG_INFORMATION_FORMAT = dwarf;
				ENABLE_STRICT_OBJC_MSGSEND = YES;
				ENABLE_TESTABILITY = YES;
				GCC_C_LANGUAGE_STANDARD = gnu11;
				GCC_DYNAMIC_NO_PIC = NO;
				GCC_NO_COMMON_BLOCKS = YES;
				GCC_OPTIMIZATION_LEVEL = 0;
				GCC_PREPROCESSOR_DEFINITIONS = (
					"DEBUG=1",
					"$(inherited)",
				);
				GCC_WARN_64_TO_32_BIT_CONVERSION = YES;
				GCC_WARN_ABOUT_RETURN_TYPE = YES_ERROR;
				GCC_WARN_UNDECLARED_SELECTOR = YES;
				GCC_WARN_UNINITIALIZED_AUTOS = YES_AGGRESSIVE;
				GCC_WARN_UNUSED_FUNCTION = YES;
				GCC_WARN_UNUSED_VARIABLE = YES;
				IPHONEOS_DEPLOYMENT_TARGET = 13.5;
				MTL_ENABLE_DEBUG_INFO = INCLUDE_SOURCE;
				MTL_FAST_MATH = YES;
				ONLY_ACTIVE_ARCH = YES;
				SDKROOT = iphoneos;
				SWIFT_ACTIVE_COMPILATION_CONDITIONS = DEBUG;
				SWIFT_OPTIMIZATION_LEVEL = "-Onone";
			};
			name = Debug;
		};
		1604FFA724C14F21000AE266 /* Release */ = {
			isa = XCBuildConfiguration;
			buildSettings = {
				ALWAYS_SEARCH_USER_PATHS = NO;
				CLANG_ANALYZER_NONNULL = YES;
				CLANG_ANALYZER_NUMBER_OBJECT_CONVERSION = YES_AGGRESSIVE;
				CLANG_CXX_LANGUAGE_STANDARD = "gnu++14";
				CLANG_CXX_LIBRARY = "libc++";
				CLANG_ENABLE_MODULES = YES;
				CLANG_ENABLE_OBJC_ARC = YES;
				CLANG_ENABLE_OBJC_WEAK = YES;
				CLANG_WARN_BLOCK_CAPTURE_AUTORELEASING = YES;
				CLANG_WARN_BOOL_CONVERSION = YES;
				CLANG_WARN_COMMA = YES;
				CLANG_WARN_CONSTANT_CONVERSION = YES;
				CLANG_WARN_DEPRECATED_OBJC_IMPLEMENTATIONS = YES;
				CLANG_WARN_DIRECT_OBJC_ISA_USAGE = YES_ERROR;
				CLANG_WARN_DOCUMENTATION_COMMENTS = YES;
				CLANG_WARN_EMPTY_BODY = YES;
				CLANG_WARN_ENUM_CONVERSION = YES;
				CLANG_WARN_INFINITE_RECURSION = YES;
				CLANG_WARN_INT_CONVERSION = YES;
				CLANG_WARN_NON_LITERAL_NULL_CONVERSION = YES;
				CLANG_WARN_OBJC_IMPLICIT_RETAIN_SELF = YES;
				CLANG_WARN_OBJC_LITERAL_CONVERSION = YES;
				CLANG_WARN_OBJC_ROOT_CLASS = YES_ERROR;
				CLANG_WARN_RANGE_LOOP_ANALYSIS = YES;
				CLANG_WARN_STRICT_PROTOTYPES = YES;
				CLANG_WARN_SUSPICIOUS_MOVE = YES;
				CLANG_WARN_UNGUARDED_AVAILABILITY = YES_AGGRESSIVE;
				CLANG_WARN_UNREACHABLE_CODE = YES;
				CLANG_WARN__DUPLICATE_METHOD_MATCH = YES;
				COPY_PHASE_STRIP = NO;
				DEBUG_INFORMATION_FORMAT = "dwarf-with-dsym";
				ENABLE_NS_ASSERTIONS = NO;
				ENABLE_STRICT_OBJC_MSGSEND = YES;
				GCC_C_LANGUAGE_STANDARD = gnu11;
				GCC_NO_COMMON_BLOCKS = YES;
				GCC_WARN_64_TO_32_BIT_CONVERSION = YES;
				GCC_WARN_ABOUT_RETURN_TYPE = YES_ERROR;
				GCC_WARN_UNDECLARED_SELECTOR = YES;
				GCC_WARN_UNINITIALIZED_AUTOS = YES_AGGRESSIVE;
				GCC_WARN_UNUSED_FUNCTION = YES;
				GCC_WARN_UNUSED_VARIABLE = YES;
				IPHONEOS_DEPLOYMENT_TARGET = 13.5;
				MTL_ENABLE_DEBUG_INFO = NO;
				MTL_FAST_MATH = YES;
				SDKROOT = iphoneos;
				SWIFT_COMPILATION_MODE = wholemodule;
				SWIFT_OPTIMIZATION_LEVEL = "-O";
				VALIDATE_PRODUCT = YES;
			};
			name = Release;
		};
		1604FFA924C14F21000AE266 /* Debug */ = {
			isa = XCBuildConfiguration;
			buildSettings = {
				ASSETCATALOG_COMPILER_APPICON_NAME = AppIcon;
				CODE_SIGN_ENTITLEMENTS = Bartani/Bartani.entitlements;
				CODE_SIGN_STYLE = Automatic;
				DEVELOPMENT_TEAM = CJNFX75753;
				INFOPLIST_FILE = Bartani/Info.plist;
				LD_RUNPATH_SEARCH_PATHS = (
					"$(inherited)",
					"@executable_path/Frameworks",
				);
				PRODUCT_BUNDLE_IDENTIFIER = com.rahmanfadhil.Bartani;
				PRODUCT_NAME = "$(TARGET_NAME)";
				SWIFT_VERSION = 5.0;
				TARGETED_DEVICE_FAMILY = "1,2";
			};
			name = Debug;
		};
		1604FFAA24C14F21000AE266 /* Release */ = {
			isa = XCBuildConfiguration;
			buildSettings = {
				ASSETCATALOG_COMPILER_APPICON_NAME = AppIcon;
				CODE_SIGN_ENTITLEMENTS = Bartani/Bartani.entitlements;
				CODE_SIGN_STYLE = Automatic;
				DEVELOPMENT_TEAM = CJNFX75753;
				INFOPLIST_FILE = Bartani/Info.plist;
				LD_RUNPATH_SEARCH_PATHS = (
					"$(inherited)",
					"@executable_path/Frameworks",
				);
				PRODUCT_BUNDLE_IDENTIFIER = com.rahmanfadhil.Bartani;
				PRODUCT_NAME = "$(TARGET_NAME)";
				SWIFT_VERSION = 5.0;
				TARGETED_DEVICE_FAMILY = "1,2";
			};
			name = Release;
		};
/* End XCBuildConfiguration section */

/* Begin XCConfigurationList section */
		1604FF8F24C14F20000AE266 /* Build configuration list for PBXProject "Bartani" */ = {
			isa = XCConfigurationList;
			buildConfigurations = (
				1604FFA624C14F21000AE266 /* Debug */,
				1604FFA724C14F21000AE266 /* Release */,
			);
			defaultConfigurationIsVisible = 0;
			defaultConfigurationName = Release;
		};
		1604FFA824C14F21000AE266 /* Build configuration list for PBXNativeTarget "Bartani" */ = {
			isa = XCConfigurationList;
			buildConfigurations = (
				1604FFA924C14F21000AE266 /* Debug */,
				1604FFAA24C14F21000AE266 /* Release */,
			);
			defaultConfigurationIsVisible = 0;
			defaultConfigurationName = Release;
		};
/* End XCConfigurationList section */
	};
	rootObject = 1604FF8C24C14F20000AE266 /* Project object */;
}
